
Microsoft Visual Studio Solution File, Format Version 12.00
# Visual Studio Version 16
VisualStudioVersion = 16.0.32901.82
MinimumVisualStudioVersion = 10.0.40219.1
Project("{D2ABAB84-BF74-430A-B69E-9DC6D40DDA17}") = "Proyecto02_Cubo_RP191495", "Proyecto02_Cubo_RP191495\Proyecto02_Cubo_RP191495.dwproj", "{475DF895-C1B9-4708-8167-A51ED22FA85C}"
EndProject
Global
	GlobalSection(SolutionConfigurationPlatforms) = preSolution
		Development|Default = Development|Default
	EndGlobalSection
	GlobalSection(ProjectConfigurationPlatforms) = postSolution
		{475DF895-C1B9-4708-8167-A51ED22FA85C}.Development|Default.ActiveCfg = Development
		{475DF895-C1B9-4708-8167-A51ED22FA85C}.Development|Default.Build.0 = Development
		{475DF895-C1B9-4708-8167-A51ED22FA85C}.Development|Default.Deploy.0 = Development
	EndGlobalSection
	GlobalSection(SolutionProperties) = preSolution
		HideSolutionNode = FALSE
	EndGlobalSection
	GlobalSection(ExtensibilityGlobals) = postSolution
		SolutionGuid = {5B925455-6AB7-4B6F-9C66-4CC88466A87C}
	EndGlobalSection
EndGlobal
